
Microsoft Visual Studio Solution File, Format Version 12.00
# Visual Studio Version 17
VisualStudioVersion = 17.3.32811.315
MinimumVisualStudioVersion = 10.0.40219.1
Project("{FAE04EC0-301F-11D3-BF4B-00C04F79EFBC}") = "31_ImageBrush", "31_ImageBrush\31_ImageBrush.csproj", "{ABF8674E-634E-4B8D-84AC-9F07BC72CA4B}"
EndProject
Global
	GlobalSection(SolutionConfigurationPlatforms) = preSolution
		Debug|Any CPU = Debug|Any CPU
		Release|Any CPU = Release|Any CPU
	EndGlobalSection
	GlobalSection(ProjectConfigurationPlatforms) = postSolution
		{ABF8674E-634E-4B8D-84AC-9F07BC72CA4B}.Debug|Any CPU.ActiveCfg = Debug|Any CPU
		{ABF8674E-634E-4B8D-84AC-9F07BC72CA4B}.Debug|Any CPU.Build.0 = Debug|Any CPU
		{ABF8674E-634E-4B8D-84AC-9F07BC72CA4B}.Release|Any CPU.ActiveCfg = Release|Any CPU
		{ABF8674E-634E-4B8D-84AC-9F07BC72CA4B}.Release|Any CPU.Build.0 = Release|Any CPU
	EndGlobalSection
	GlobalSection(SolutionProperties) = preSolution
		HideSolutionNode = FALSE
	EndGlobalSection
	GlobalSection(ExtensibilityGlobals) = postSolution
		SolutionGuid = {4209F690-3B4F-4445-A19E-BD5115B3A4B7}
	EndGlobalSection
EndGlobal
