
Microsoft Visual Studio Solution File, Format Version 12.00
# Visual Studio Version 17
VisualStudioVersion = 17.3.32811.315
MinimumVisualStudioVersion = 10.0.40219.1
Project("{FAE04EC0-301F-11D3-BF4B-00C04F79EFBC}") = "13_RichTextBox", "13_RichTextBox\13_RichTextBox.csproj", "{D66D051B-6393-47F0-A6D7-89413139D8ED}"
EndProject
Global
	GlobalSection(SolutionConfigurationPlatforms) = preSolution
		Debug|Any CPU = Debug|Any CPU
		Release|Any CPU = Release|Any CPU
	EndGlobalSection
	GlobalSection(ProjectConfigurationPlatforms) = postSolution
		{D66D051B-6393-47F0-A6D7-89413139D8ED}.Debug|Any CPU.ActiveCfg = Debug|Any CPU
		{D66D051B-6393-47F0-A6D7-89413139D8ED}.Debug|Any CPU.Build.0 = Debug|Any CPU
		{D66D051B-6393-47F0-A6D7-89413139D8ED}.Release|Any CPU.ActiveCfg = Release|Any CPU
		{D66D051B-6393-47F0-A6D7-89413139D8ED}.Release|Any CPU.Build.0 = Release|Any CPU
	EndGlobalSection
	GlobalSection(SolutionProperties) = preSolution
		HideSolutionNode = FALSE
	EndGlobalSection
	GlobalSection(ExtensibilityGlobals) = postSolution
		SolutionGuid = {A6DC1CCB-7270-4D1F-B7CA-28D23F066421}
	EndGlobalSection
EndGlobal
