
Microsoft Visual Studio Solution File, Format Version 12.00
# Visual Studio Version 17
VisualStudioVersion = 17.3.32811.315
MinimumVisualStudioVersion = 10.0.40219.1
Project("{FAE04EC0-301F-11D3-BF4B-00C04F79EFBC}") = "05_Check", "05_Check\05_Check.csproj", "{B31E4988-A272-41BA-95C8-994C2D992D0F}"
EndProject
Global
	GlobalSection(SolutionConfigurationPlatforms) = preSolution
		Debug|Any CPU = Debug|Any CPU
		Release|Any CPU = Release|Any CPU
	EndGlobalSection
	GlobalSection(ProjectConfigurationPlatforms) = postSolution
		{B31E4988-A272-41BA-95C8-994C2D992D0F}.Debug|Any CPU.ActiveCfg = Debug|Any CPU
		{B31E4988-A272-41BA-95C8-994C2D992D0F}.Debug|Any CPU.Build.0 = Debug|Any CPU
		{B31E4988-A272-41BA-95C8-994C2D992D0F}.Release|Any CPU.ActiveCfg = Release|Any CPU
		{B31E4988-A272-41BA-95C8-994C2D992D0F}.Release|Any CPU.Build.0 = Release|Any CPU
	EndGlobalSection
	GlobalSection(SolutionProperties) = preSolution
		HideSolutionNode = FALSE
	EndGlobalSection
	GlobalSection(ExtensibilityGlobals) = postSolution
		SolutionGuid = {CE5853ED-E99C-4E71-BCE5-F1E40FD8FE50}
	EndGlobalSection
EndGlobal
