
Microsoft Visual Studio Solution File, Format Version 12.00
# Visual Studio Version 17
VisualStudioVersion = 17.3.32811.315
MinimumVisualStudioVersion = 10.0.40219.1
Project("{FAE04EC0-301F-11D3-BF4B-00C04F79EFBC}") = "10_WindowExpander", "10_WindowExpander\10_WindowExpander.csproj", "{6EF61E9A-43D7-4B46-82DC-1F26E1469EDF}"
EndProject
Global
	GlobalSection(SolutionConfigurationPlatforms) = preSolution
		Debug|Any CPU = Debug|Any CPU
		Release|Any CPU = Release|Any CPU
	EndGlobalSection
	GlobalSection(ProjectConfigurationPlatforms) = postSolution
		{6EF61E9A-43D7-4B46-82DC-1F26E1469EDF}.Debug|Any CPU.ActiveCfg = Debug|Any CPU
		{6EF61E9A-43D7-4B46-82DC-1F26E1469EDF}.Debug|Any CPU.Build.0 = Debug|Any CPU
		{6EF61E9A-43D7-4B46-82DC-1F26E1469EDF}.Release|Any CPU.ActiveCfg = Release|Any CPU
		{6EF61E9A-43D7-4B46-82DC-1F26E1469EDF}.Release|Any CPU.Build.0 = Release|Any CPU
	EndGlobalSection
	GlobalSection(SolutionProperties) = preSolution
		HideSolutionNode = FALSE
	EndGlobalSection
	GlobalSection(ExtensibilityGlobals) = postSolution
		SolutionGuid = {60A11C62-35BA-4AD5-B319-456CB5130CFB}
	EndGlobalSection
EndGlobal
